{
  "requires": true,
  "lockfileVersion": 1,
  "dependencies": {
    "@emailjs/browser": {
      "version": "3.10.0",
      "resolved": "https://registry.npmjs.org/@emailjs/browser/-/browser-3.10.0.tgz",
      "integrity": "sha512-pregUOBkSjjctQoAgn8DcSaeY4ypHjXAJEzWlJysM3RkQXw1ulavfHva3YYeAkxfJ7qbIhpyvRmhyQlgNG4GVg=="
    },
    "@remix-run/router": {
      "version": "1.0.4",
      "resolved": "https://registry.npmjs.org/@remix-run/router/-/router-1.0.4.tgz",
      "integrity": "sha512-gTL8H5USTAKOyVA4xczzDJnC3HMssdFa3tRlwBicXynx9XfiXwneHnYQogwSKpdCkjXISrEKSTtX62rLpNEVQg=="
    },
    "react-icons": {
      "version": "4.7.1",
      "resolved": "https://registry.npmjs.org/react-icons/-/react-icons-4.7.1.tgz",
      "integrity": "sha512-yHd3oKGMgm7zxo3EA7H2n7vxSoiGmHk5t6Ou4bXsfcgWyhfDKMpyKfhHR6Bjnn63c+YXBLBPUql9H4wPJM6sXw=="
    },
    "react-router": {
      "version": "6.4.4",
      "resolved": "https://registry.npmjs.org/react-router/-/react-router-6.4.4.tgz",
      "integrity": "sha512-SA6tSrUCRfuLWeYsTJDuriRqfFIsrSvuH7SqAJHegx9ZgxadE119rU8oOX/rG5FYEthpdEaEljdjDlnBxvfr+Q==",
      "requires": {
        "@remix-run/router": "1.0.4"
      }
    },
    "react-router-dom": {
      "version": "6.4.4",
      "resolved": "https://registry.npmjs.org/react-router-dom/-/react-router-dom-6.4.4.tgz",
      "integrity": "sha512-0Axverhw5d+4SBhLqLpzPhNkmv7gahUwlUVIOrRLGJ4/uwt30JVajVJXqv2Qr/LCwyvHhQc7YyK1Do8a9Jj7qA==",
      "requires": {
        "@remix-run/router": "1.0.4",
        "react-router": "6.4.4"
      }
    }
  }
}
